Microsoft Visual Studio Solution File, Format Version 12.00
# Visual Studio Version 17
VisualStudioVersion = 17.0.31903.59
MinimumVisualStudioVersion = 10.0.40219.1
Project("{8BC9CEB8-8B4A-11D0-8D11-00A0C91BC942}") = "libprotobuf", "libprotobuf.vcxproj", "{DBECD1A1-68EF-3AEF-9C63-A42AF07743D5}"
EndProject
Project("{8BC9CEB8-8B4A-11D0-8D11-00A0C91BC942}") = "libprotobuf-lite", "libprotobuf-lite.vcxproj", "{46F0DBA7-51DF-33E1-8534-3B0936027A91}"
EndProject
Project("{8BC9CEB8-8B4A-11D0-8D11-00A0C91BC942}") = "libprotoc", "libprotoc.vcxproj", "{807BF036-6ED4-3CA9-A53D-EF36530047F6}"
	ProjectSection(ProjectDependencies) = postProject
		{DBECD1A1-68EF-3AEF-9C63-A42AF07743D5} = {DBECD1A1-68EF-3AEF-9C63-A42AF07743D5}
	EndProjectSection
EndProject
Project("{8BC9CEB8-8B4A-11D0-8D11-00A0C91BC942}") = "protoc", "protoc.vcxproj", "{0CA5B22D-1C96-313E-9A68-90201D71F18A}"
	ProjectSection(ProjectDependencies) = postProject
		{DBECD1A1-68EF-3AEF-9C63-A42AF07743D5} = {DBECD1A1-68EF-3AEF-9C63-A42AF07743D5}
		{807BF036-6ED4-3CA9-A53D-EF36530047F6} = {807BF036-6ED4-3CA9-A53D-EF36530047F6}
	EndProjectSection
EndProject
Global
	GlobalSection(SolutionConfigurationPlatforms) = preSolution
		vs2022_Debug|x64 = vs2022_Debug|x64
		vs2022_Debug|x86 = vs2022_Debug|x86
		vs2022_Release|x64 = vs2022_Release|x64
		vs2022_Release|x86 = vs2022_Release|x86
	EndGlobalSection
	GlobalSection(ProjectConfigurationPlatforms) = postSolution
		{DBECD1A1-68EF-3AEF-9C63-A42AF07743D5}.vs2022_Debug|x64.ActiveCfg = vs2022_Debug|x64
		{DBECD1A1-68EF-3AEF-9C63-A42AF07743D5}.vs2022_Debug|x64.Build.0 = vs2022_Debug|x64
		{DBECD1A1-68EF-3AEF-9C63-A42AF07743D5}.vs2022_Debug|x86.ActiveCfg = vs2022_Debug|Win32
		{DBECD1A1-68EF-3AEF-9C63-A42AF07743D5}.vs2022_Debug|x86.Build.0 = vs2022_Debug|Win32
		{DBECD1A1-68EF-3AEF-9C63-A42AF07743D5}.vs2022_Release|x64.ActiveCfg = vs2022_Release|x64
		{DBECD1A1-68EF-3AEF-9C63-A42AF07743D5}.vs2022_Release|x64.Build.0 = vs2022_Release|x64
		{DBECD1A1-68EF-3AEF-9C63-A42AF07743D5}.vs2022_Release|x86.ActiveCfg = vs2022_Release|Win32
		{DBECD1A1-68EF-3AEF-9C63-A42AF07743D5}.vs2022_Release|x86.Build.0 = vs2022_Release|Win32
		{46F0DBA7-51DF-33E1-8534-3B0936027A91}.vs2022_Debug|x64.ActiveCfg = vs2022_Debug|x64
		{46F0DBA7-51DF-33E1-8534-3B0936027A91}.vs2022_Debug|x64.Build.0 = vs2022_Debug|x64
		{46F0DBA7-51DF-33E1-8534-3B0936027A91}.vs2022_Debug|x86.ActiveCfg = vs2022_Debug|Win32
		{46F0DBA7-51DF-33E1-8534-3B0936027A91}.vs2022_Debug|x86.Build.0 = vs2022_Debug|Win32
		{46F0DBA7-51DF-33E1-8534-3B0936027A91}.vs2022_Release|x64.ActiveCfg = vs2022_Release|x64
		{46F0DBA7-51DF-33E1-8534-3B0936027A91}.vs2022_Release|x64.Build.0 = vs2022_Release|x64
		{46F0DBA7-51DF-33E1-8534-3B0936027A91}.vs2022_Release|x86.ActiveCfg = vs2022_Release|Win32
		{46F0DBA7-51DF-33E1-8534-3B0936027A91}.vs2022_Release|x86.Build.0 = vs2022_Release|Win32
		{807BF036-6ED4-3CA9-A53D-EF36530047F6}.vs2022_Debug|x64.ActiveCfg = vs2022_Debug|x64
		{807BF036-6ED4-3CA9-A53D-EF36530047F6}.vs2022_Debug|x64.Build.0 = vs2022_Debug|x64
		{807BF036-6ED4-3CA9-A53D-EF36530047F6}.vs2022_Debug|x86.ActiveCfg = vs2022_Debug|Win32
		{807BF036-6ED4-3CA9-A53D-EF36530047F6}.vs2022_Debug|x86.Build.0 = vs2022_Debug|Win32
		{807BF036-6ED4-3CA9-A53D-EF36530047F6}.vs2022_Release|x64.ActiveCfg = vs2022_Release|x64
		{807BF036-6ED4-3CA9-A53D-EF36530047F6}.vs2022_Release|x64.Build.0 = vs2022_Release|x64
		{807BF036-6ED4-3CA9-A53D-EF36530047F6}.vs2022_Release|x86.ActiveCfg = vs2022_Release|Win32
		{807BF036-6ED4-3CA9-A53D-EF36530047F6}.vs2022_Release|x86.Build.0 = vs2022_Release|Win32
		{0CA5B22D-1C96-313E-9A68-90201D71F18A}.vs2022_Debug|x64.ActiveCfg = vs2022_Debug|x64
		{0CA5B22D-1C96-313E-9A68-90201D71F18A}.vs2022_Debug|x64.Build.0 = vs2022_Debug|x64
		{0CA5B22D-1C96-313E-9A68-90201D71F18A}.vs2022_Debug|x86.ActiveCfg = vs2022_Debug|Win32
		{0CA5B22D-1C96-313E-9A68-90201D71F18A}.vs2022_Debug|x86.Build.0 = vs2022_Debug|Win32
		{0CA5B22D-1C96-313E-9A68-90201D71F18A}.vs2022_Release|x64.ActiveCfg = vs2022_Release|x64
		{0CA5B22D-1C96-313E-9A68-90201D71F18A}.vs2022_Release|x64.Build.0 = vs2022_Release|x64
		{0CA5B22D-1C96-313E-9A68-90201D71F18A}.vs2022_Release|x86.ActiveCfg = vs2022_Release|Win32
		{0CA5B22D-1C96-313E-9A68-90201D71F18A}.vs2022_Release|x86.Build.0 = vs2022_Release|Win32
	EndGlobalSection
	GlobalSection(SolutionProperties) = preSolution
		HideSolutionNode = FALSE
	EndGlobalSection
	GlobalSection(ExtensibilityGlobals) = postSolution
		SolutionGuid = {EBC1B8D5-D56E-3204-87DB-331D48C71EBD}
	EndGlobalSection
EndGlobal
